
Microsoft Visual Studio Solution File, Format Version 12.00
# Visual Studio Version 17
VisualStudioVersion = 17.9.34701.34
MinimumVisualStudioVersion = 10.0.40219.1
Project("{FAE04EC0-301F-11D3-BF4B-00C04F79EFBC}") = "1007", "1007\1007.csproj", "{0681185D-8D8E-42AE-AC09-06300131797B}"
EndProject
Global
	GlobalSection(SolutionConfigurationPlatforms) = preSolution
		Debug|Any CPU = Debug|Any CPU
		Release|Any CPU = Release|Any CPU
	EndGlobalSection
	GlobalSection(ProjectConfigurationPlatforms) = postSolution
		{0681185D-8D8E-42AE-AC09-06300131797B}.Debug|Any CPU.ActiveCfg = Debug|Any CPU
		{0681185D-8D8E-42AE-AC09-06300131797B}.Debug|Any CPU.Build.0 = Debug|Any CPU
		{0681185D-8D8E-42AE-AC09-06300131797B}.Release|Any CPU.ActiveCfg = Release|Any CPU
		{0681185D-8D8E-42AE-AC09-06300131797B}.Release|Any CPU.Build.0 = Release|Any CPU
	EndGlobalSection
	GlobalSection(SolutionProperties) = preSolution
		HideSolutionNode = FALSE
	EndGlobalSection
	GlobalSection(ExtensibilityGlobals) = postSolution
		SolutionGuid = {BCF5CDA8-056E-4092-ADE9-690824B3F5D0}
	EndGlobalSection
EndGlobal
