
Microsoft Visual Studio Solution File, Format Version 12.00
# Visual Studio Version 17
VisualStudioVersion = 17.9.34701.34
MinimumVisualStudioVersion = 10.0.40219.1
Project("{FAE04EC0-301F-11D3-BF4B-00C04F79EFBC}") = "1004", "1004\1004.csproj", "{9BDB2F82-4DA7-459B-A8B2-8D260D2924AF}"
EndProject
Global
	GlobalSection(SolutionConfigurationPlatforms) = preSolution
		Debug|Any CPU = Debug|Any CPU
		Release|Any CPU = Release|Any CPU
	EndGlobalSection
	GlobalSection(ProjectConfigurationPlatforms) = postSolution
		{9BDB2F82-4DA7-459B-A8B2-8D260D2924AF}.Debug|Any CPU.ActiveCfg = Debug|Any CPU
		{9BDB2F82-4DA7-459B-A8B2-8D260D2924AF}.Debug|Any CPU.Build.0 = Debug|Any CPU
		{9BDB2F82-4DA7-459B-A8B2-8D260D2924AF}.Release|Any CPU.ActiveCfg = Release|Any CPU
		{9BDB2F82-4DA7-459B-A8B2-8D260D2924AF}.Release|Any CPU.Build.0 = Release|Any CPU
	EndGlobalSection
	GlobalSection(SolutionProperties) = preSolution
		HideSolutionNode = FALSE
	EndGlobalSection
	GlobalSection(ExtensibilityGlobals) = postSolution
		SolutionGuid = {54BBBF35-3304-40FD-AC1C-85C468A3A604}
	EndGlobalSection
EndGlobal
