
Microsoft Visual Studio Solution File, Format Version 12.00
# Visual Studio Version 17
VisualStudioVersion = 17.9.34701.34
MinimumVisualStudioVersion = 10.0.40219.1
Project("{FAE04EC0-301F-11D3-BF4B-00C04F79EFBC}") = "1006", "1006\1006.csproj", "{1B7B6562-59DF-413F-8EC6-D481F8DCF02D}"
EndProject
Global
	GlobalSection(SolutionConfigurationPlatforms) = preSolution
		Debug|Any CPU = Debug|Any CPU
		Release|Any CPU = Release|Any CPU
	EndGlobalSection
	GlobalSection(ProjectConfigurationPlatforms) = postSolution
		{1B7B6562-59DF-413F-8EC6-D481F8DCF02D}.Debug|Any CPU.ActiveCfg = Debug|Any CPU
		{1B7B6562-59DF-413F-8EC6-D481F8DCF02D}.Debug|Any CPU.Build.0 = Debug|Any CPU
		{1B7B6562-59DF-413F-8EC6-D481F8DCF02D}.Release|Any CPU.ActiveCfg = Release|Any CPU
		{1B7B6562-59DF-413F-8EC6-D481F8DCF02D}.Release|Any CPU.Build.0 = Release|Any CPU
	EndGlobalSection
	GlobalSection(SolutionProperties) = preSolution
		HideSolutionNode = FALSE
	EndGlobalSection
	GlobalSection(ExtensibilityGlobals) = postSolution
		SolutionGuid = {0F107B90-88F1-4F70-A7A3-BF008B112DBD}
	EndGlobalSection
EndGlobal
